{
  "name": "batalha-naval",
  "version": "1.0.0",
  "lockfileVersion": 1,
  "requires": true,
  "dependencies": {
    "@desco/node-user-input": {
      "version": "1.2.0",
      "resolved": "https://registry.npmjs.org/@desco/node-user-input/-/node-user-input-1.2.0.tgz",
      "integrity": "sha512-4rqwThVXVFh+5xGS72KAPNidhQY3Ro4oDRz5Wl689UyrOHRukJ/ct9brDQ7F1ewPzlKBGbU0ieBhRBUoG5LdGQ==",
      "requires": {
        "@desco/promise-loop-array": "^1.1.0",
        "readline": "^1.3.0"
      }
    },
    "@desco/promise-loop-array": {
      "version": "1.1.0",
      "resolved": "https://registry.npmjs.org/@desco/promise-loop-array/-/promise-loop-array-1.1.0.tgz",
      "integrity": "sha512-8q/HB2FWXYoH1F/gIcZo2IahF4Y0QY7L5t7i0sERh1bOhoAe+CBd24WSAOVVOJKP9bDYBPv/VDZbKmH28jqqVA=="
    },
    "clear": {
      "version": "0.1.0",
      "resolved": "https://registry.npmjs.org/clear/-/clear-0.1.0.tgz",
      "integrity": "sha512-qMjRnoL+JDPJHeLePZJuao6+8orzHMGP04A8CdwCNsKhRbOnKRjefxONR7bwILT3MHecxKBjHkKL/tkZ8r4Uzw=="
    },
    "intersect": {
      "version": "1.0.1",
      "resolved": "https://registry.npmjs.org/intersect/-/intersect-1.0.1.tgz",
      "integrity": "sha1-MyZQ4QhU2MCsWMGSvcJ6i/fnoww="
    },
    "object-map": {
      "version": "1.0.2",
      "resolved": "https://registry.npmjs.org/object-map/-/object-map-1.0.2.tgz",
      "integrity": "sha1-FGShv9JKGJH73aCzFJmL31FtK+A="
    },
    "readline": {
      "version": "1.3.0",
      "resolved": "https://registry.npmjs.org/readline/-/readline-1.3.0.tgz",
      "integrity": "sha1-xYDXfvLPyHUrEySYBg3JeTp6wBw="
    }
  }
}
